
Microsoft Visual Studio Solution File, Format Version 12.00
# Visual Studio Version 17
VisualStudioVersion = 17.5.33516.290
MinimumVisualStudioVersion = 10.0.40219.1
Project("{FAE04EC0-301F-11D3-BF4B-00C04F79EFBC}") = "FlaUI.Mcp", "src\FlaUI.Mcp\FlaUI.Mcp.csproj", "{EB31EECD-64A1-4108-95A9-58461A5BB346}"
EndProject
Project("{FAE04EC0-301F-11D3-BF4B-00C04F79EFBC}") = "FlaUI.Mcp.Tests", "tests\FlaUI.Mcp.Tests\FlaUI.Mcp.Tests.csproj", "{6A313335-1026-4862-A7B9-B58CE8FBCC73}"
EndProject
Global
	GlobalSection(SolutionConfigurationPlatforms) = preSolution
		Debug|Any CPU = Debug|Any CPU
		Release|Any CPU = Release|Any CPU
	EndGlobalSection
	GlobalSection(ProjectConfigurationPlatforms) = postSolution
		{EB31EECD-64A1-4108-95A9-58461A5BB346}.Debug|Any CPU.ActiveCfg = Debug|Any CPU
		{EB31EECD-64A1-4108-95A9-58461A5BB346}.Debug|Any CPU.Build.0 = Debug|Any CPU
		{EB31EECD-64A1-4108-95A9-58461A5BB346}.Release|Any CPU.ActiveCfg = Release|Any CPU
		{EB31EECD-64A1-4108-95A9-58461A5BB346}.Release|Any CPU.Build.0 = Release|Any CPU
		{6A313335-1026-4862-A7B9-B58CE8FBCC73}.Debug|Any CPU.ActiveCfg = Debug|Any CPU
		{6A313335-1026-4862-A7B9-B58CE8FBCC73}.Debug|Any CPU.Build.0 = Debug|Any CPU
		{6A313335-1026-4862-A7B9-B58CE8FBCC73}.Release|Any CPU.ActiveCfg = Release|Any CPU
		{6A313335-1026-4862-A7B9-B58CE8FBCC73}.Release|Any CPU.Build.0 = Release|Any CPU
	EndGlobalSection
	GlobalSection(SolutionProperties) = preSolution
		HideSolutionNode = FALSE
	EndGlobalSection
EndGlobal
